// !$*UTF8*$!
{
	archiveVersion = 1;
	classes = {
	};
	objectVersion = 48;
	objects = {

/* Begin PBXBuildFile section */
		621E555E2080B9C400292887 /* ListTableViewController.swift in Sources */ = {isa = PBXBuildFile; fileRef = 621E555D2080B9C400292887 /* ListTableViewController.swift */; };
		621EE85D2080AAEA0099BA7B /* ListTableViewCell.swift in Sources */ = {isa = PBXBuildFile; fileRef = 621EE85B2080AAEA0099BA7B /* ListTableViewCell.swift */; };
		621EE8612080AC690099BA7B /* ListTableViewCell.swift in Sources */ = {isa = PBXBuildFile; fileRef = 621EE85F2080AC690099BA7B /* ListTableViewCell.swift */; };
		621EE8622080AC690099BA7B /* ListTableViewCell.xib in Resources */ = {isa = PBXBuildFile; fileRef = 621EE8602080AC690099BA7B /* ListTableViewCell.xib */; };
		62BD0F9720805BE400532034 /* AppDelegate.swift in Sources */ = {isa = PBXBuildFile; fileRef = 62BD0F9620805BE400532034 /* AppDelegate.swift */; };
		62BD0F9920805BE400532034 /* ViewController.swift in Sources */ = {isa = PBXBuildFile; fileRef = 62BD0F9820805BE400532034 /* ViewController.swift */; };
		62BD0F9C20805BE400532034 /* Main.storyboard in Resources */ = {isa = PBXBuildFile; fileRef = 62BD0F9A20805BE400532034 /* Main.storyboard */; };
		62BD0F9E20805BE400532034 /* Assets.xcassets in Resources */ = {isa = PBXBuildFile; fileRef = 62BD0F9D20805BE400532034 /* Assets.xcassets */; };
		62BD0FA120805BE400532034 /* LaunchScreen.storyboard in Resources */ = {isa = PBXBuildFile; fileRef = 62BD0F9F20805BE400532034 /* LaunchScreen.storyboard */; };
		62BD0FAC20805BE500532034 /* WordListTests.swift in Sources */ = {isa = PBXBuildFile; fileRef = 62BD0FAB20805BE500532034 /* WordListTests.swift */; };
		62BD0FB720805BE500532034 /* WordListUITests.swift in Sources */ = {isa = PBXBuildFile; fileRef = 62BD0FB620805BE500532034 /* WordListUITests.swift */; };
		62BD0FC820805C1600532034 /* word_blank.png in Resources */ = {isa = PBXBuildFile; fileRef = 62BD0FC520805C1600532034 /* word_blank.png */; };
		62BD0FC920805C1600532034 /* fin.png in Resources */ = {isa = PBXBuildFile; fileRef = 62BD0FC620805C1600532034 /* fin.png */; };
		62BD0FCA20805C1600532034 /* title_logo.png in Resources */ = {isa = PBXBuildFile; fileRef = 62BD0FC720805C1600532034 /* title_logo.png */; };
		62BD0FCC2080663000532034 /* QuestionViewController.swift in Sources */ = {isa = PBXBuildFile; fileRef = 62BD0FCB2080663000532034 /* QuestionViewController.swift */; };
		62BD0FCE208066A100532034 /* FinishViewController.swift in Sources */ = {isa = PBXBuildFile; fileRef = 62BD0FCD208066A000532034 /* FinishViewController.swift */; };
		62BD0FD42080680A00532034 /* AddViewController.swift in Sources */ = {isa = PBXBuildFile; fileRef = 62BD0FD32080680A00532034 /* AddViewController.swift */; };
/* End PBXBuildFile section */

/* Begin PBXContainerItemProxy section */
		62BD0FA820805BE500532034 /* PBXContainerItemProxy */ = {
			isa = PBXContainerItemProxy;
			containerPortal = 62BD0F8B20805BE400532034 /* Project object */;
			proxyType = 1;
			remoteGlobalIDString = 62BD0F9220805BE400532034;
			remoteInfo = WordList;
		};
		62BD0FB320805BE500532034 /* PBXContainerItemProxy */ = {
			isa = PBXContainerItemProxy;
			containerPortal = 62BD0F8B20805BE400532034 /* Project object */;
			proxyType = 1;
			remoteGlobalIDString = 62BD0F9220805BE400532034;
			remoteInfo = WordList;
		};
/* End PBXContainerItemProxy section */

/* Begin PBXFileReference section */
		621E555D2080B9C400292887 /* ListTableViewController.swift */ = {isa = PBXFileReference; lastKnownFileType = sourcecode.swift; name = ListTableViewController.swift; path = ../ListTableViewController.swift; sourceTree = "<group>"; };
		621EE85B2080AAEA0099BA7B /* ListTableViewCell.swift */ = {isa = PBXFileReference; lastKnownFileType = sourcecode.swift; path = ListTableViewCell.swift; sourceTree = "<group>"; };
		621EE85F2080AC690099BA7B /* ListTableViewCell.swift */ = {isa = PBXFileReference; lastKnownFileType = sourcecode.swift; name = ListTableViewCell.swift; path = ../ListTableViewCell.swift; sourceTree = "<group>"; };
		621EE8602080AC690099BA7B /* ListTableViewCell.xib */ = {isa = PBXFileReference; lastKnownFileType = file.xib; name = ListTableViewCell.xib; path = ../ListTableViewCell.xib; sourceTree = "<group>"; };
		62BD0F9320805BE400532034 /* WordList.app */ = {isa = PBXFileReference; explicitFileType = wrapper.application; includeInIndex = 0; path = WordList.app; sourceTree = BUILT_PRODUCTS_DIR; };
		62BD0F9620805BE400532034 /* AppDelegate.swift */ = {isa = PBXFileReference; lastKnownFileType = sourcecode.swift; path = AppDelegate.swift; sourceTree = "<group>"; };
		62BD0F9820805BE400532034 /* ViewController.swift */ = {isa = PBXFileReference; lastKnownFileType = sourcecode.swift; path = ViewController.swift; sourceTree = "<group>"; };
		62BD0F9B20805BE400532034 /* Base */ = {isa = PBXFileReference; lastKnownFileType = file.storyboard; name = Base; path = Base.lproj/Main.storyboard; sourceTree = "<group>"; };
		62BD0F9D20805BE400532034 /* Assets.xcassets */ = {isa = PBXFileReference; lastKnownFileType = folder.assetcatalog; path = Assets.xcassets; sourceTree = "<group>"; };
		62BD0FA020805BE400532034 /* Base */ = {isa = PBXFileReference; lastKnownFileType = file.storyboard; name = Base; path = Base.lproj/LaunchScreen.storyboard; sourceTree = "<group>"; };
		62BD0FA220805BE400532034 /* Info.plist */ = {isa = PBXFileReference; lastKnownFileType = text.plist.xml; path = Info.plist; sourceTree = "<group>"; };
		62BD0FA720805BE500532034 /* WordListTests.xctest */ = {isa = PBXFileReference; explicitFileType = wrapper.cfbundle; includeInIndex = 0; path = WordListTests.xctest; sourceTree = BUILT_PRODUCTS_DIR; };
		62BD0FAB20805BE500532034 /* WordListTests.swift */ = {isa = PBXFileReference; lastKnownFileType = sourcecode.swift; path = WordListTests.swift; sourceTree = "<group>"; };
		62BD0FAD20805BE500532034 /* Info.plist */ = {isa = PBXFileReference; lastKnownFileType = text.plist.xml; path = Info.plist; sourceTree = "<group>"; };
		62BD0FB220805BE500532034 /* WordListUITests.xctest */ = {isa = PBXFileReference; explicitFileType = wrapper.cfbundle; includeInIndex = 0; path = WordListUITests.xctest; sourceTree = BUILT_PRODUCTS_DIR; };
		62BD0FB620805BE500532034 /* WordListUITests.swift */ = {isa = PBXFileReference; lastKnownFileType = sourcecode.swift; path = WordListUITests.swift; sourceTree = "<group>"; };
		62BD0FB820805BE500532034 /* Info.plist */ = {isa = PBXFileReference; lastKnownFileType = text.plist.xml; path = Info.plist; sourceTree = "<group>"; };
		62BD0FC520805C1600532034 /* word_blank.png */ = {isa = PBXFileReference; lastKnownFileType = image.png; path = word_blank.png; sourceTree = "<group>"; };
		62BD0FC620805C1600532034 /* fin.png */ = {isa = PBXFileReference; lastKnownFileType = image.png; path = fin.png; sourceTree = "<group>"; };
		62BD0FC720805C1600532034 /* title_logo.png */ = {isa = PBXFileReference; lastKnownFileType = image.png; path = title_logo.png; sourceTree = "<group>"; };
		62BD0FCB2080663000532034 /* QuestionViewController.swift */ = {isa = PBXFileReference; lastKnownFileType = sourcecode.swift; path = QuestionViewController.swift; sourceTree = "<group>"; };
		62BD0FCD208066A000532034 /* FinishViewController.swift */ = {isa = PBXFileReference; lastKnownFileType = sourcecode.swift; path = FinishViewController.swift; sourceTree = "<group>"; };
		62BD0FD32080680A00532034 /* AddViewController.swift */ = {isa = PBXFileReference; lastKnownFileType = sourcecode.swift; path = AddViewController.swift; sourceTree = "<group>"; };
/* End PBXFileReference section */

/* Begin PBXFrameworksBuildPhase section */
		62BD0F9020805BE400532034 /* Frameworks */ = {
			isa = PBXFrameworksBuildPhase;
			buildActionMask = 2147483647;
			files = (
			);
			runOnlyForDeploymentPostprocessing = 0;
		};
		62BD0FA420805BE500532034 /* Frameworks */ = {
			isa = PBXFrameworksBuildPhase;
			buildActionMask = 2147483647;
			files = (
			);
			runOnlyForDeploymentPostprocessing = 0;
		};
		62BD0FAF20805BE500532034 /* Frameworks */ = {
			isa = PBXFrameworksBuildPhase;
			buildActionMask = 2147483647;
			files = (
			);
			runOnlyForDeploymentPostprocessing = 0;
		};
/* End PBXFrameworksBuildPhase section */

/* Begin PBXGroup section */
		62BD0F8A20805BE400532034 = {
			isa = PBXGroup;
			children = (
				62BD0F9520805BE400532034 /* WordList */,
				62BD0FAA20805BE500532034 /* WordListTests */,
				62BD0FB520805BE500532034 /* WordListUITests */,
				62BD0F9420805BE400532034 /* Products */,
			);
			sourceTree = "<group>";
		};
		62BD0F9420805BE400532034 /* Products */ = {
			isa = PBXGroup;
			children = (
				62BD0F9320805BE400532034 /* WordList.app */,
				62BD0FA720805BE500532034 /* WordListTests.xctest */,
				62BD0FB220805BE500532034 /* WordListUITests.xctest */,
			);
			name = Products;
			sourceTree = "<group>";
		};
		62BD0F9520805BE400532034 /* WordList */ = {
			isa = PBXGroup;
			children = (
				62BD0FC420805C1600532034 /* WordList素材 */,
				621E555D2080B9C400292887 /* ListTableViewController.swift */,
				621EE85F2080AC690099BA7B /* ListTableViewCell.swift */,
				621EE8602080AC690099BA7B /* ListTableViewCell.xib */,
				62BD0F9620805BE400532034 /* AppDelegate.swift */,
				62BD0F9820805BE400532034 /* ViewController.swift */,
				62BD0F9A20805BE400532034 /* Main.storyboard */,
				62BD0F9D20805BE400532034 /* Assets.xcassets */,
				62BD0F9F20805BE400532034 /* LaunchScreen.storyboard */,
				62BD0FA220805BE400532034 /* Info.plist */,
				62BD0FCB2080663000532034 /* QuestionViewController.swift */,
				621EE85B2080AAEA0099BA7B /* ListTableViewCell.swift */,
				62BD0FCD208066A000532034 /* FinishViewController.swift */,
				62BD0FD32080680A00532034 /* AddViewController.swift */,
			);
			path = WordList;
			sourceTree = "<group>";
		};
		62BD0FAA20805BE500532034 /* WordListTests */ = {
			isa = PBXGroup;
			children = (
				62BD0FAB20805BE500532034 /* WordListTests.swift */,
				62BD0FAD20805BE500532034 /* Info.plist */,
			);
			path = WordListTests;
			sourceTree = "<group>";
		};
		62BD0FB520805BE500532034 /* WordListUITests */ = {
			isa = PBXGroup;
			children = (
				62BD0FB620805BE500532034 /* WordListUITests.swift */,
				62BD0FB820805BE500532034 /* Info.plist */,
			);
			path = WordListUITests;
			sourceTree = "<group>";
		};
		62BD0FC420805C1600532034 /* WordList素材 */ = {
			isa = PBXGroup;
			children = (
				62BD0FC520805C1600532034 /* word_blank.png */,
				62BD0FC620805C1600532034 /* fin.png */,
				62BD0FC720805C1600532034 /* title_logo.png */,
			);
			path = "WordList素材";
			sourceTree = "<group>";
		};
/* End PBXGroup section */

/* Begin PBXNativeTarget section */
		62BD0F9220805BE400532034 /* WordList */ = {
			isa = PBXNativeTarget;
			buildConfigurationList = 62BD0FBB20805BE500532034 /* Build configuration list for PBXNativeTarget "WordList" */;
			buildPhases = (
				62BD0F8F20805BE400532034 /* Sources */,
				62BD0F9020805BE400532034 /* Frameworks */,
				62BD0F9120805BE400532034 /* Resources */,
			);
			buildRules = (
			);
			dependencies = (
			);
			name = WordList;
			productName = WordList;
			productReference = 62BD0F9320805BE400532034 /* WordList.app */;
			productType = "com.apple.product-type.application";
		};
		62BD0FA620805BE500532034 /* WordListTests */ = {
			isa = PBXNativeTarget;
			buildConfigurationList = 62BD0FBE20805BE500532034 /* Build configuration list for PBXNativeTarget "WordListTests" */;
			buildPhases = (
				62BD0FA320805BE500532034 /* Sources */,
				62BD0FA420805BE500532034 /* Frameworks */,
				62BD0FA520805BE500532034 /* Resources */,
			);
			buildRules = (
			);
			dependencies = (
				62BD0FA920805BE500532034 /* PBXTargetDependency */,
			);
			name = WordListTests;
			productName = WordListTests;
			productReference = 62BD0FA720805BE500532034 /* WordListTests.xctest */;
			productType = "com.apple.product-type.bundle.unit-test";
		};
		62BD0FB120805BE500532034 /* WordListUITests */ = {
			isa = PBXNativeTarget;
			buildConfigurationList = 62BD0FC120805BE500532034 /* Build configuration list for PBXNativeTarget "WordListUITests" */;
			buildPhases = (
				62BD0FAE20805BE500532034 /* Sources */,
				62BD0FAF20805BE500532034 /* Frameworks */,
				62BD0FB020805BE500532034 /* Resources */,
			);
			buildRules = (
			);
			dependencies = (
				62BD0FB420805BE500532034 /* PBXTargetDependency */,
			);
			name = WordListUITests;
			productName = WordListUITests;
			productReference = 62BD0FB220805BE500532034 /* WordListUITests.xctest */;
			productType = "com.apple.product-type.bundle.ui-testing";
		};
/* End PBXNativeTarget section */

/* Begin PBXProject section */
		62BD0F8B20805BE400532034 /* Project object */ = {
			isa = PBXProject;
			attributes = {
				LastSwiftUpdateCheck = 0920;
				LastUpgradeCheck = 0920;
				ORGANIZATIONNAME = "阿部一真";
				TargetAttributes = {
					62BD0F9220805BE400532034 = {
						CreatedOnToolsVersion = 9.2;
						ProvisioningStyle = Automatic;
					};
					62BD0FA620805BE500532034 = {
						CreatedOnToolsVersion = 9.2;
						ProvisioningStyle = Automatic;
						TestTargetID = 62BD0F9220805BE400532034;
					};
					62BD0FB120805BE500532034 = {
						CreatedOnToolsVersion = 9.2;
						ProvisioningStyle = Automatic;
						TestTargetID = 62BD0F9220805BE400532034;
					};
				};
			};
			buildConfigurationList = 62BD0F8E20805BE400532034 /* Build configuration list for PBXProject "WordList" */;
			compatibilityVersion = "Xcode 8.0";
			developmentRegion = en;
			hasScannedForEncodings = 0;
			knownRegions = (
				en,
				Base,
			);
			mainGroup = 62BD0F8A20805BE400532034;
			productRefGroup = 62BD0F9420805BE400532034 /* Products */;
			projectDirPath = "";
			projectRoot = "";
			targets = (
				62BD0F9220805BE400532034 /* WordList */,
				62BD0FA620805BE500532034 /* WordListTests */,
				62BD0FB120805BE500532034 /* WordListUITests */,
			);
		};
/* End PBXProject section */

/* Begin PBXResourcesBuildPhase section */
		62BD0F9120805BE400532034 /* Resources */ = {
			isa = PBXResourcesBuildPhase;
			buildActionMask = 2147483647;
			files = (
				62BD0FC820805C1600532034 /* word_blank.png in Resources */,
				62BD0FCA20805C1600532034 /* title_logo.png in Resources */,
				62BD0FA120805BE400532034 /* LaunchScreen.storyboard in Resources */,
				62BD0F9E20805BE400532034 /* Assets.xcassets in Resources */,
				62BD0FC920805C1600532034 /* fin.png in Resources */,
				62BD0F9C20805BE400532034 /* Main.storyboard in Resources */,
				621EE8622080AC690099BA7B /* ListTableViewCell.xib in Resources */,
			);
			runOnlyForDeploymentPostprocessing = 0;
		};
		62BD0FA520805BE500532034 /* Resources */ = {
			isa = PBXResourcesBuildPhase;
			buildActionMask = 2147483647;
			files = (
			);
			runOnlyForDeploymentPostprocessing = 0;
		};
		62BD0FB020805BE500532034 /* Resources */ = {
			isa = PBXResourcesBuildPhase;
			buildActionMask = 2147483647;
			files = (
			);
			runOnlyForDeploymentPostprocessing = 0;
		};
/* End PBXResourcesBuildPhase section */

/* Begin PBXSourcesBuildPhase section */
		62BD0F8F20805BE400532034 /* Sources */ = {
			isa = PBXSourcesBuildPhase;
			buildActionMask = 2147483647;
			files = (
				621EE85D2080AAEA0099BA7B /* ListTableViewCell.swift in Sources */,
				621EE8612080AC690099BA7B /* ListTableViewCell.swift in Sources */,
				62BD0F9920805BE400532034 /* ViewController.swift in Sources */,
				621E555E2080B9C400292887 /* ListTableViewController.swift in Sources */,
				62BD0FCE208066A100532034 /* FinishViewController.swift in Sources */,
				62BD0FD42080680A00532034 /* AddViewController.swift in Sources */,
				62BD0F9720805BE400532034 /* AppDelegate.swift in Sources */,
				62BD0FCC2080663000532034 /* QuestionViewController.swift in Sources */,
			);
			runOnlyForDeploymentPostprocessing = 0;
		};
		62BD0FA320805BE500532034 /* Sources */ = {
			isa = PBXSourcesBuildPhase;
			buildActionMask = 2147483647;
			files = (
				62BD0FAC20805BE500532034 /* WordListTests.swift in Sources */,
			);
			runOnlyForDeploymentPostprocessing = 0;
		};
		62BD0FAE20805BE500532034 /* Sources */ = {
			isa = PBXSourcesBuildPhase;
			buildActionMask = 2147483647;
			files = (
				62BD0FB720805BE500532034 /* WordListUITests.swift in Sources */,
			);
			runOnlyForDeploymentPostprocessing = 0;
		};
/* End PBXSourcesBuildPhase section */

/* Begin PBXTargetDependency section */
		62BD0FA920805BE500532034 /* PBXTargetDependency */ = {
			isa = PBXTargetDependency;
			target = 62BD0F9220805BE400532034 /* WordList */;
			targetProxy = 62BD0FA820805BE500532034 /* PBXContainerItemProxy */;
		};
		62BD0FB420805BE500532034 /* PBXTargetDependency */ = {
			isa = PBXTargetDependency;
			target = 62BD0F9220805BE400532034 /* WordList */;
			targetProxy = 62BD0FB320805BE500532034 /* PBXContainerItemProxy */;
		};
/* End PBXTargetDependency section */

/* Begin PBXVariantGroup section */
		62BD0F9A20805BE400532034 /* Main.storyboard */ = {
			isa = PBXVariantGroup;
			children = (
				62BD0F9B20805BE400532034 /* Base */,
			);
			name = Main.storyboard;
			sourceTree = "<group>";
		};
		62BD0F9F20805BE400532034 /* LaunchScreen.storyboard */ = {
			isa = PBXVariantGroup;
			children = (
				62BD0FA020805BE400532034 /* Base */,
			);
			name = LaunchScreen.storyboard;
			sourceTree = "<group>";
		};
/* End PBXVariantGroup section */

/* Begin XCBuildConfiguration section */
		62BD0FB920805BE500532034 /* Debug */ = {
			isa = XCBuildConfiguration;
			buildSettings = {
				ALWAYS_SEARCH_USER_PATHS = NO;
				CLANG_ANALYZER_NONNULL = YES;
				CLANG_ANALYZER_NUMBER_OBJECT_CONVERSION = YES_AGGRESSIVE;
				CLANG_CXX_LANGUAGE_STANDARD = "gnu++14";
				CLANG_CXX_LIBRARY = "libc++";
				CLANG_ENABLE_MODULES = YES;
				CLANG_ENABLE_OBJC_ARC = YES;
				CLANG_WARN_BLOCK_CAPTURE_AUTORELEASING = YES;
				CLANG_WARN_BOOL_CONVERSION = YES;
				CLANG_WARN_COMMA = YES;
				CLANG_WARN_CONSTANT_CONVERSION = YES;
				CLANG_WARN_DIRECT_OBJC_ISA_USAGE = YES_ERROR;
				CLANG_WARN_DOCUMENTATION_COMMENTS = YES;
				CLANG_WARN_EMPTY_BODY = YES;
				CLANG_WARN_ENUM_CONVERSION = YES;
				CLANG_WARN_INFINITE_RECURSION = YES;
				CLANG_WARN_INT_CONVERSION = YES;
				CLANG_WARN_NON_LITERAL_NULL_CONVERSION = YES;
				CLANG_WARN_OBJC_LITERAL_CONVERSION = YES;
				CLANG_WARN_OBJC_ROOT_CLASS = YES_ERROR;
				CLANG_WARN_RANGE_LOOP_ANALYSIS = YES;
				CLANG_WARN_STRICT_PROTOTYPES = YES;
				CLANG_WARN_SUSPICIOUS_MOVE = YES;
				CLANG_WARN_UNGUARDED_AVAILABILITY = YES_AGGRESSIVE;
				CLANG_WARN_UNREACHABLE_CODE = YES;
				CLANG_WARN__DUPLICATE_METHOD_MATCH = YES;
				CODE_SIGN_IDENTITY = "iPhone Developer";
				COPY_PHASE_STRIP = NO;
				DEBUG_INFORMATION_FORMAT = dwarf;
				ENABLE_STRICT_OBJC_MSGSEND = YES;
				ENABLE_TESTABILITY = YES;
				GCC_C_LANGUAGE_STANDARD = gnu11;
				GCC_DYNAMIC_NO_PIC = NO;
				GCC_NO_COMMON_BLOCKS = YES;
				GCC_OPTIMIZATION_LEVEL = 0;
				GCC_PREPROCESSOR_DEFINITIONS = (
					"DEBUG=1",
					"$(inherited)",
				);
				GCC_WARN_64_TO_32_BIT_CONVERSION = YES;
				GCC_WARN_ABOUT_RETURN_TYPE = YES_ERROR;
				GCC_WARN_UNDECLARED_SELECTOR = YES;
				GCC_WARN_UNINITIALIZED_AUTOS = YES_AGGRESSIVE;
				GCC_WARN_UNUSED_FUNCTION = YES;
				GCC_WARN_UNUSED_VARIABLE = YES;
				IPHONEOS_DEPLOYMENT_TARGET = 11.2;
				MTL_ENABLE_DEBUG_INFO = YES;
				ONLY_ACTIVE_ARCH = YES;
				SDKROOT = iphoneos;
				SWIFT_ACTIVE_COMPILATION_CONDITIONS = DEBUG;
				SWIFT_OPTIMIZATION_LEVEL = "-Onone";
			};
			name = Debug;
		};
		62BD0FBA20805BE500532034 /* Release */ = {
			isa = XCBuildConfiguration;
			buildSettings = {
				ALWAYS_SEARCH_USER_PATHS = NO;
				CLANG_ANALYZER_NONNULL = YES;
				CLANG_ANALYZER_NUMBER_OBJECT_CONVERSION = YES_AGGRESSIVE;
				CLANG_CXX_LANGUAGE_STANDARD = "gnu++14";
				CLANG_CXX_LIBRARY = "libc++";
				CLANG_ENABLE_MODULES = YES;
				CLANG_ENABLE_OBJC_ARC = YES;
				CLANG_WARN_BLOCK_CAPTURE_AUTORELEASING = YES;
				CLANG_WARN_BOOL_CONVERSION = YES;
				CLANG_WARN_COMMA = YES;
				CLANG_WARN_CONSTANT_CONVERSION = YES;
				CLANG_WARN_DIRECT_OBJC_ISA_USAGE = YES_ERROR;
				CLANG_WARN_DOCUMENTATION_COMMENTS = YES;
				CLANG_WARN_EMPTY_BODY = YES;
				CLANG_WARN_ENUM_CONVERSION = YES;
				CLANG_WARN_INFINITE_RECURSION = YES;
				CLANG_WARN_INT_CONVERSION = YES;
				CLANG_WARN_NON_LITERAL_NULL_CONVERSION = YES;
				CLANG_WARN_OBJC_LITERAL_CONVERSION = YES;
				CLANG_WARN_OBJC_ROOT_CLASS = YES_ERROR;
				CLANG_WARN_RANGE_LOOP_ANALYSIS = YES;
				CLANG_WARN_STRICT_PROTOTYPES = YES;
				CLANG_WARN_SUSPICIOUS_MOVE = YES;
				CLANG_WARN_UNGUARDED_AVAILABILITY = YES_AGGRESSIVE;
				CLANG_WARN_UNREACHABLE_CODE = YES;
				CLANG_WARN__DUPLICATE_METHOD_MATCH = YES;
				CODE_SIGN_IDENTITY = "iPhone Developer";
				COPY_PHASE_STRIP = NO;
				DEBUG_INFORMATION_FORMAT = "dwarf-with-dsym";
				ENABLE_NS_ASSERTIONS = NO;
				ENABLE_STRICT_OBJC_MSGSEND = YES;
				GCC_C_LANGUAGE_STANDARD = gnu11;
				GCC_NO_COMMON_BLOCKS = YES;
				GCC_WARN_64_TO_32_BIT_CONVERSION = YES;
				GCC_WARN_ABOUT_RETURN_TYPE = YES_ERROR;
				GCC_WARN_UNDECLARED_SELECTOR = YES;
				GCC_WARN_UNINITIALIZED_AUTOS = YES_AGGRESSIVE;
				GCC_WARN_UNUSED_FUNCTION = YES;
				GCC_WARN_UNUSED_VARIABLE = YES;
				IPHONEOS_DEPLOYMENT_TARGET = 11.2;
				MTL_ENABLE_DEBUG_INFO = NO;
				SDKROOT = iphoneos;
				SWIFT_OPTIMIZATION_LEVEL = "-Owholemodule";
				VALIDATE_PRODUCT = YES;
			};
			name = Release;
		};
		62BD0FBC20805BE500532034 /* Debug */ = {
			isa = XCBuildConfiguration;
			buildSettings = {
				ASSETCATALOG_COMPILER_APPICON_NAME = AppIcon;
				CODE_SIGN_STYLE = Automatic;
				INFOPLIST_FILE = WordList/Info.plist;
				LD_RUNPATH_SEARCH_PATHS = "$(inherited) @executable_path/Frameworks";
				PRODUCT_BUNDLE_IDENTIFIER = com.litech.WordList;
				PRODUCT_NAME = "$(TARGET_NAME)";
				SWIFT_VERSION = 4.0;
				TARGETED_DEVICE_FAMILY = "1,2";
			};
			name = Debug;
		};
		62BD0FBD20805BE500532034 /* Release */ = {
			isa = XCBuildConfiguration;
			buildSettings = {
				ASSETCATALOG_COMPILER_APPICON_NAME = AppIcon;
				CODE_SIGN_STYLE = Automatic;
				INFOPLIST_FILE = WordList/Info.plist;
				LD_RUNPATH_SEARCH_PATHS = "$(inherited) @executable_path/Frameworks";
				PRODUCT_BUNDLE_IDENTIFIER = com.litech.WordList;
				PRODUCT_NAME = "$(TARGET_NAME)";
				SWIFT_VERSION = 4.0;
				TARGETED_DEVICE_FAMILY = "1,2";
			};
			name = Release;
		};
		62BD0FBF20805BE500532034 /* Debug */ = {
			isa = XCBuildConfiguration;
			buildSettings = {
				ALWAYS_EMBED_SWIFT_STANDARD_LIBRARIES = YES;
				BUNDLE_LOADER = "$(TEST_HOST)";
				CODE_SIGN_STYLE = Automatic;
				INFOPLIST_FILE = WordListTests/Info.plist;
				LD_RUNPATH_SEARCH_PATHS = "$(inherited) @executable_path/Frameworks @loader_path/Frameworks";
				PRODUCT_BUNDLE_IDENTIFIER = com.litech.WordListTests;
				PRODUCT_NAME = "$(TARGET_NAME)";
				SWIFT_VERSION = 4.0;
				TARGETED_DEVICE_FAMILY = "1,2";
				TEST_HOST = "$(BUILT_PRODUCTS_DIR)/WordList.app/WordList";
			};
			name = Debug;
		};
		62BD0FC020805BE500532034 /* Release */ = {
			isa = XCBuildConfiguration;
			buildSettings = {
				ALWAYS_EMBED_SWIFT_STANDARD_LIBRARIES = YES;
				BUNDLE_LOADER = "$(TEST_HOST)";
				CODE_SIGN_STYLE = Automatic;
				INFOPLIST_FILE = WordListTests/Info.plist;
				LD_RUNPATH_SEARCH_PATHS = "$(inherited) @executable_path/Frameworks @loader_path/Frameworks";
				PRODUCT_BUNDLE_IDENTIFIER = com.litech.WordListTests;
				PRODUCT_NAME = "$(TARGET_NAME)";
				SWIFT_VERSION = 4.0;
				TARGETED_DEVICE_FAMILY = "1,2";
				TEST_HOST = "$(BUILT_PRODUCTS_DIR)/WordList.app/WordList";
			};
			name = Release;
		};
		62BD0FC220805BE500532034 /* Debug */ = {
			isa = XCBuildConfiguration;
			buildSettings = {
				ALWAYS_EMBED_SWIFT_STANDARD_LIBRARIES = YES;
				CODE_SIGN_STYLE = Automatic;
				INFOPLIST_FILE = WordListUITests/Info.plist;
				LD_RUNPATH_SEARCH_PATHS = "$(inherited) @executable_path/Frameworks @loader_path/Frameworks";
				PRODUCT_BUNDLE_IDENTIFIER = com.litech.WordListUITests;
				PRODUCT_NAME = "$(TARGET_NAME)";
				SWIFT_VERSION = 4.0;
				TARGETED_DEVICE_FAMILY = "1,2";
				TEST_TARGET_NAME = WordList;
			};
			name = Debug;
		};
		62BD0FC320805BE500532034 /* Release */ = {
			isa = XCBuildConfiguration;
			buildSettings = {
				ALWAYS_EMBED_SWIFT_STANDARD_LIBRARIES = YES;
				CODE_SIGN_STYLE = Automatic;
				INFOPLIST_FILE = WordListUITests/Info.plist;
				LD_RUNPATH_SEARCH_PATHS = "$(inherited) @executable_path/Frameworks @loader_path/Frameworks";
				PRODUCT_BUNDLE_IDENTIFIER = com.litech.WordListUITests;
				PRODUCT_NAME = "$(TARGET_NAME)";
				SWIFT_VERSION = 4.0;
				TARGETED_DEVICE_FAMILY = "1,2";
				TEST_TARGET_NAME = WordList;
			};
			name = Release;
		};
/* End XCBuildConfiguration section */

/* Begin XCConfigurationList section */
		62BD0F8E20805BE400532034 /* Build configuration list for PBXProject "WordList" */ = {
			isa = XCConfigurationList;
			buildConfigurations = (
				62BD0FB920805BE500532034 /* Debug */,
				62BD0FBA20805BE500532034 /* Release */,
			);
			defaultConfigurationIsVisible = 0;
			defaultConfigurationName = Release;
		};
		62BD0FBB20805BE500532034 /* Build configuration list for PBXNativeTarget "WordList" */ = {
			isa = XCConfigurationList;
			buildConfigurations = (
				62BD0FBC20805BE500532034 /* Debug */,
				62BD0FBD20805BE500532034 /* Release */,
			);
			defaultConfigurationIsVisible = 0;
			defaultConfigurationName = Release;
		};
		62BD0FBE20805BE500532034 /* Build configuration list for PBXNativeTarget "WordListTests" */ = {
			isa = XCConfigurationList;
			buildConfigurations = (
				62BD0FBF20805BE500532034 /* Debug */,
				62BD0FC020805BE500532034 /* Release */,
			);
			defaultConfigurationIsVisible = 0;
			defaultConfigurationName = Release;
		};
		62BD0FC120805BE500532034 /* Build configuration list for PBXNativeTarget "WordListUITests" */ = {
			isa = XCConfigurationList;
			buildConfigurations = (
				62BD0FC220805BE500532034 /* Debug */,
				62BD0FC320805BE500532034 /* Release */,
			);
			defaultConfigurationIsVisible = 0;
			defaultConfigurationName = Release;
		};
/* End XCConfigurationList section */
	};
	rootObject = 62BD0F8B20805BE400532034 /* Project object */;
}
